Microsoft Visual Studio Solution File, Version 12.00
# Visual Studio Version 17
VisualStudioVersion = 17.5.2.0
MinimumVisualStudioVersion = 10.0.40219.1
Project("{FAE04EC0-301F-11D3-BF4B-00C04F79EFBC}") = "CloudFlareResolver", "CloudFlareResolver\CloudFlareResolver.csproj", "{5E668E46-B8AF-3E31-CC0D-C62C1C68E652}"
EndProject
Global
	GlobalSection(SolutionConfigurationPlatforms) = preSolution
		Debug|Any CPU = Debug|Any CPU
		Release|Any CPU = Release|Any CPU
	EndGlobalSection
	GlobalSection(ProjectConfigurationPlatforms) = postSolution
		{5E668E46-B8AF-3E31-CC0D-C62C1C68E652}.Debug|Any CPU.ActiveCfg = Debug|Any CPU
		{5E668E46-B8AF-3E31-CC0D-C62C1C68E652}.Debug|Any CPU.Build.0 = Debug|Any CPU
		{5E668E46-B8AF-3E31-CC0D-C62C1C68E652}.Release|Any CPU.ActiveCfg = Release|Any CPU
		{5E668E46-B8AF-3E31-CC0D-C62C1C68E652}.Release|Any CPU.Build.0 = Release|Any CPU
	EndGlobalSection
	GlobalSection(SolutionProperties) = preSolution
		HideSolutionNode = FALSE
	EndGlobalSection
	GlobalSection(ExtensibilityGlobals) = postSolution
		SolutionGuid = {79533072-54CF-4F8F-A55B-09CB62C012F7}
	EndGlobalSection
EndGlobal
